
Microsoft Visual Studio Solution File, Format Version 12.00
# Visual Studio 15
VisualStudioVersion = 15.0.28307.539
MinimumVisualStudioVersion = 10.0.40219.1
Project("{FAE04EC0-301F-11D3-BF4B-00C04F79EFBC}") = "RuleEngine", "RuleEngine\RuleEngine.csproj", "{ED0C3C2D-852E-401C-A012-0D1D487CD725}"
EndProject
Global
	GlobalSection(SolutionConfigurationPlatforms) = preSolution
		Debug|Any CPU = Debug|Any CPU
		Release|Any CPU = Release|Any CPU
	EndGlobalSection
	GlobalSection(ProjectConfigurationPlatforms) = postSolution
		{ED0C3C2D-852E-401C-A012-0D1D487CD725}.Debug|Any CPU.ActiveCfg = Debug|Any CPU
		{ED0C3C2D-852E-401C-A012-0D1D487CD725}.Debug|Any CPU.Build.0 = Debug|Any CPU
		{ED0C3C2D-852E-401C-A012-0D1D487CD725}.Release|Any CPU.ActiveCfg = Release|Any CPU
		{ED0C3C2D-852E-401C-A012-0D1D487CD725}.Release|Any CPU.Build.0 = Release|Any CPU
	EndGlobalSection
	GlobalSection(SolutionProperties) = preSolution
		HideSolutionNode = FALSE
	EndGlobalSection
	GlobalSection(ExtensibilityGlobals) = postSolution
		SolutionGuid = {4B7A9D66-B97E-4338-9A04-8FF813FD3D23}
	EndGlobalSection
EndGlobal
